// !$*UTF8*$!
{
	archiveVersion = 1;
	classes = {
	};
	objectVersion = 50;
	objects = {

/* Begin PBXBuildFile section */
		D0A5AFB226347D6100DEA99F /* AppDelegate.swift in Sources */ = {isa = PBXBuildFile; fileRef = D0A5AFB126347D6100DEA99F /* AppDelegate.swift */; };
		D0A5AFB426347D6100DEA99F /* SceneDelegate.swift in Sources */ = {isa = PBXBuildFile; fileRef = D0A5AFB326347D6100DEA99F /* SceneDelegate.swift */; };
		D0A5AFB626347D6100DEA99F /* ViewController.swift in Sources */ = {isa = PBXBuildFile; fileRef = D0A5AFB526347D6100DEA99F /* ViewController.swift */; };
		D0A5AFB926347D6100DEA99F /* Main.storyboard in Resources */ = {isa = PBXBuildFile; fileRef = D0A5AFB726347D6100DEA99F /* Main.storyboard */; };
		D0A5AFBB26347D6500DEA99F /* Assets.xcassets in Resources */ = {isa = PBXBuildFile; fileRef = D0A5AFBA26347D6500DEA99F /* Assets.xcassets */; };
		D0A5AFBE26347D6500DEA99F /* LaunchScreen.storyboard in Resources */ = {isa = PBXBuildFile; fileRef = D0A5AFBC26347D6500DEA99F /* LaunchScreen.storyboard */; };
		D0A5AFC726347FBB00DEA99F /* DataModel.swift in Sources */ = {isa = PBXBuildFile; fileRef = D0A5AFC626347FBB00DEA99F /* DataModel.swift */; };
		D0A5AFCA2634808D00DEA99F /* JsonParser.swift in Sources */ = {isa = PBXBuildFile; fileRef = D0A5AFC92634808C00DEA99F /* JsonParser.swift */; };
		D0A5AFCD263480C700DEA99F /* DataParserError.swift in Sources */ = {isa = PBXBuildFile; fileRef = D0A5AFCC263480C700DEA99F /* DataParserError.swift */; };
/* End PBXBuildFile section */

/* Begin PBXFileReference section */
		D0A5AFAE26347D6100DEA99F /* rekrut.app */ = {isa = PBXFileReference; explicitFileType = wrapper.application; includeInIndex = 0; path = rekrut.app; sourceTree = BUILT_PRODUCTS_DIR; };
		D0A5AFB126347D6100DEA99F /* AppDelegate.swift */ = {isa = PBXFileReference; lastKnownFileType = sourcecode.swift; path = AppDelegate.swift; sourceTree = "<group>"; };
		D0A5AFB326347D6100DEA99F /* SceneDelegate.swift */ = {isa = PBXFileReference; lastKnownFileType = sourcecode.swift; path = SceneDelegate.swift; sourceTree = "<group>"; };
		D0A5AFB526347D6100DEA99F /* ViewController.swift */ = {isa = PBXFileReference; lastKnownFileType = sourcecode.swift; path = ViewController.swift; sourceTree = "<group>"; };
		D0A5AFB826347D6100DEA99F /* Base */ = {isa = PBXFileReference; lastKnownFileType = file.storyboard; name = Base; path = Base.lproj/Main.storyboard; sourceTree = "<group>"; };
		D0A5AFBA26347D6500DEA99F /* Assets.xcassets */ = {isa = PBXFileReference; lastKnownFileType = folder.assetcatalog; path = Assets.xcassets; sourceTree = "<group>"; };
		D0A5AFBD26347D6500DEA99F /* Base */ = {isa = PBXFileReference; lastKnownFileType = file.storyboard; name = Base; path = Base.lproj/LaunchScreen.storyboard; sourceTree = "<group>"; };
		D0A5AFBF26347D6500DEA99F /* Info.plist */ = {isa = PBXFileReference; lastKnownFileType = text.plist.xml; path = Info.plist; sourceTree = "<group>"; };
		D0A5AFC626347FBB00DEA99F /* DataModel.swift */ = {isa = PBXFileReference; lastKnownFileType = sourcecode.swift; path = DataModel.swift; sourceTree = "<group>"; };
		D0A5AFC92634808C00DEA99F /* JsonParser.swift */ = {isa = PBXFileReference; fileEncoding = 4; lastKnownFileType = sourcecode.swift; path = JsonParser.swift; sourceTree = "<group>"; };
		D0A5AFCC263480C700DEA99F /* DataParserError.swift */ = {isa = PBXFileReference; fileEncoding = 4; lastKnownFileType = sourcecode.swift; path = DataParserError.swift; sourceTree = "<group>"; };
/* End PBXFileReference section */

/* Begin PBXFrameworksBuildPhase section */
		D0A5AFAB26347D6100DEA99F /* Frameworks */ = {
			isa = PBXFrameworksBuildPhase;
			buildActionMask = 2147483647;
			files = (
			);
			runOnlyForDeploymentPostprocessing = 0;
		};
/* End PBXFrameworksBuildPhase section */

/* Begin PBXGroup section */
		D0A5AFA526347D6100DEA99F = {
			isa = PBXGroup;
			children = (
				D0A5AFB026347D6100DEA99F /* rekrut */,
				D0A5AFAF26347D6100DEA99F /* Products */,
			);
			sourceTree = "<group>";
		};
		D0A5AFAF26347D6100DEA99F /* Products */ = {
			isa = PBXGroup;
			children = (
				D0A5AFAE26347D6100DEA99F /* rekrut.app */,
			);
			name = Products;
			sourceTree = "<group>";
		};
		D0A5AFB026347D6100DEA99F /* rekrut */ = {
			isa = PBXGroup;
			children = (
				D0A5AFB126347D6100DEA99F /* AppDelegate.swift */,
				D0A5AFB326347D6100DEA99F /* SceneDelegate.swift */,
				D0A5AFB526347D6100DEA99F /* ViewController.swift */,
				D0A5AFC626347FBB00DEA99F /* DataModel.swift */,
				D0A5AFC92634808C00DEA99F /* JsonParser.swift */,
				D0A5AFCC263480C700DEA99F /* DataParserError.swift */,
				D0A5AFB726347D6100DEA99F /* Main.storyboard */,
				D0A5AFBA26347D6500DEA99F /* Assets.xcassets */,
				D0A5AFBC26347D6500DEA99F /* LaunchScreen.storyboard */,
				D0A5AFBF26347D6500DEA99F /* Info.plist */,
			);
			path = rekrut;
			sourceTree = "<group>";
		};
/* End PBXGroup section */

/* Begin PBXNativeTarget section */
		D0A5AFAD26347D6100DEA99F /* rekrut */ = {
			isa = PBXNativeTarget;
			buildConfigurationList = D0A5AFC226347D6500DEA99F /* Build configuration list for PBXNativeTarget "rekrut" */;
			buildPhases = (
				D0A5AFAA26347D6100DEA99F /* Sources */,
				D0A5AFAB26347D6100DEA99F /* Frameworks */,
				D0A5AFAC26347D6100DEA99F /* Resources */,
			);
			buildRules = (
			);
			dependencies = (
			);
			name = rekrut;
			productName = rekrut;
			productReference = D0A5AFAE26347D6100DEA99F /* rekrut.app */;
			productType = "com.apple.product-type.application";
		};
/* End PBXNativeTarget section */

/* Begin PBXProject section */
		D0A5AFA626347D6100DEA99F /* Project object */ = {
			isa = PBXProject;
			attributes = {
				LastSwiftUpdateCheck = 1220;
				LastUpgradeCheck = 1220;
				TargetAttributes = {
					D0A5AFAD26347D6100DEA99F = {
						CreatedOnToolsVersion = 12.2;
					};
				};
			};
			buildConfigurationList = D0A5AFA926347D6100DEA99F /* Build configuration list for PBXProject "rekrut" */;
			compatibilityVersion = "Xcode 9.3";
			developmentRegion = en;
			hasScannedForEncodings = 0;
			knownRegions = (
				en,
				Base,
			);
			mainGroup = D0A5AFA526347D6100DEA99F;
			productRefGroup = D0A5AFAF26347D6100DEA99F /* Products */;
			projectDirPath = "";
			projectRoot = "";
			targets = (
				D0A5AFAD26347D6100DEA99F /* rekrut */,
			);
		};
/* End PBXProject section */

/* Begin PBXResourcesBuildPhase section */
		D0A5AFAC26347D6100DEA99F /* Resources */ = {
			isa = PBXResourcesBuildPhase;
			buildActionMask = 2147483647;
			files = (
				D0A5AFBE26347D6500DEA99F /* LaunchScreen.storyboard in Resources */,
				D0A5AFBB26347D6500DEA99F /* Assets.xcassets in Resources */,
				D0A5AFB926347D6100DEA99F /* Main.storyboard in Resources */,
			);
			runOnlyForDeploymentPostprocessing = 0;
		};
/* End PBXResourcesBuildPhase section */

/* Begin PBXSourcesBuildPhase section */
		D0A5AFAA26347D6100DEA99F /* Sources */ = {
			isa = PBXSourcesBuildPhase;
			buildActionMask = 2147483647;
			files = (
				D0A5AFB626347D6100DEA99F /* ViewController.swift in Sources */,
				D0A5AFCD263480C700DEA99F /* DataParserError.swift in Sources */,
				D0A5AFCA2634808D00DEA99F /* JsonParser.swift in Sources */,
				D0A5AFC726347FBB00DEA99F /* DataModel.swift in Sources */,
				D0A5AFB226347D6100DEA99F /* AppDelegate.swift in Sources */,
				D0A5AFB426347D6100DEA99F /* SceneDelegate.swift in Sources */,
			);
			runOnlyForDeploymentPostprocessing = 0;
		};
/* End PBXSourcesBuildPhase section */

/* Begin PBXVariantGroup section */
		D0A5AFB726347D6100DEA99F /* Main.storyboard */ = {
			isa = PBXVariantGroup;
			children = (
				D0A5AFB826347D6100DEA99F /* Base */,
			);
			name = Main.storyboard;
			sourceTree = "<group>";
		};
		D0A5AFBC26347D6500DEA99F /* LaunchScreen.storyboard */ = {
			isa = PBXVariantGroup;
			children = (
				D0A5AFBD26347D6500DEA99F /* Base */,
			);
			name = LaunchScreen.storyboard;
			sourceTree = "<group>";
		};
/* End PBXVariantGroup section */

/* Begin XCBuildConfiguration section */
		D0A5AFC026347D6500DEA99F /* Debug */ = {
			isa = XCBuildConfiguration;
			buildSettings = {
				ALWAYS_SEARCH_USER_PATHS = NO;
				CLANG_ANALYZER_NONNULL = YES;
				CLANG_ANALYZER_NUMBER_OBJECT_CONVERSION = YES_AGGRESSIVE;
				CLANG_CXX_LANGUAGE_STANDARD = "gnu++14";
				CLANG_CXX_LIBRARY = "libc++";
				CLANG_ENABLE_MODULES = YES;
				CLANG_ENABLE_OBJC_ARC = YES;
				CLANG_ENABLE_OBJC_WEAK = YES;
				CLANG_WARN_BLOCK_CAPTURE_AUTORELEASING = YES;
				CLANG_WARN_BOOL_CONVERSION = YES;
				CLANG_WARN_COMMA = YES;
				CLANG_WARN_CONSTANT_CONVERSION = YES;
				CLANG_WARN_DEPRECATED_OBJC_IMPLEMENTATIONS = YES;
				CLANG_WARN_DIRECT_OBJC_ISA_USAGE = YES_ERROR;
				CLANG_WARN_DOCUMENTATION_COMMENTS = YES;
				CLANG_WARN_EMPTY_BODY = YES;
				CLANG_WARN_ENUM_CONVERSION = YES;
				CLANG_WARN_INFINITE_RECURSION = YES;
				CLANG_WARN_INT_CONVERSION = YES;
				CLANG_WARN_NON_LITERAL_NULL_CONVERSION = YES;
				CLANG_WARN_OBJC_IMPLICIT_RETAIN_SELF = YES;
				CLANG_WARN_OBJC_LITERAL_CONVERSION = YES;
				CLANG_WARN_OBJC_ROOT_CLASS = YES_ERROR;
				CLANG_WARN_QUOTED_INCLUDE_IN_FRAMEWORK_HEADER = YES;
				CLANG_WARN_RANGE_LOOP_ANALYSIS = YES;
				CLANG_WARN_STRICT_PROTOTYPES = YES;
				CLANG_WARN_SUSPICIOUS_MOVE = YES;
				CLANG_WARN_UNGUARDED_AVAILABILITY = YES_AGGRESSIVE;
				CLANG_WARN_UNREACHABLE_CODE = YES;
				CLANG_WARN__DUPLICATE_METHOD_MATCH = YES;
				COPY_PHASE_STRIP = NO;
				DEBUG_INFORMATION_FORMAT = dwarf;
				ENABLE_STRICT_OBJC_MSGSEND = YES;
				ENABLE_TESTABILITY = YES;
				GCC_C_LANGUAGE_STANDARD = gnu11;
				GCC_DYNAMIC_NO_PIC = NO;
				GCC_NO_COMMON_BLOCKS = YES;
				GCC_OPTIMIZATION_LEVEL = 0;
				GCC_PREPROCESSOR_DEFINITIONS = (
					"DEBUG=1",
					"$(inherited)",
				);
				GCC_WARN_64_TO_32_BIT_CONVERSION = YES;
				GCC_WARN_ABOUT_RETURN_TYPE = YES_ERROR;
				GCC_WARN_UNDECLARED_SELECTOR = YES;
				GCC_WARN_UNINITIALIZED_AUTOS = YES_AGGRESSIVE;
				GCC_WARN_UNUSED_FUNCTION = YES;
				GCC_WARN_UNUSED_VARIABLE = YES;
				IPHONEOS_DEPLOYMENT_TARGET = 14.2;
				MTL_ENABLE_DEBUG_INFO = INCLUDE_SOURCE;
				MTL_FAST_MATH = YES;
				ONLY_ACTIVE_ARCH = YES;
				SDKROOT = iphoneos;
				SWIFT_ACTIVE_COMPILATION_CONDITIONS = DEBUG;
				SWIFT_OPTIMIZATION_LEVEL = "-Onone";
			};
			name = Debug;
		};
		D0A5AFC126347D6500DEA99F /* Release */ = {
			isa = XCBuildConfiguration;
			buildSettings = {
				ALWAYS_SEARCH_USER_PATHS = NO;
				CLANG_ANALYZER_NONNULL = YES;
				CLANG_ANALYZER_NUMBER_OBJECT_CONVERSION = YES_AGGRESSIVE;
				CLANG_CXX_LANGUAGE_STANDARD = "gnu++14";
				CLANG_CXX_LIBRARY = "libc++";
				CLANG_ENABLE_MODULES = YES;
				CLANG_ENABLE_OBJC_ARC = YES;
				CLANG_ENABLE_OBJC_WEAK = YES;
				CLANG_WARN_BLOCK_CAPTURE_AUTORELEASING = YES;
				CLANG_WARN_BOOL_CONVERSION = YES;
				CLANG_WARN_COMMA = YES;
				CLANG_WARN_CONSTANT_CONVERSION = YES;
				CLANG_WARN_DEPRECATED_OBJC_IMPLEMENTATIONS = YES;
				CLANG_WARN_DIRECT_OBJC_ISA_USAGE = YES_ERROR;
				CLANG_WARN_DOCUMENTATION_COMMENTS = YES;
				CLANG_WARN_EMPTY_BODY = YES;
				CLANG_WARN_ENUM_CONVERSION = YES;
				CLANG_WARN_INFINITE_RECURSION = YES;
				CLANG_WARN_INT_CONVERSION = YES;
				CLANG_WARN_NON_LITERAL_NULL_CONVERSION = YES;
				CLANG_WARN_OBJC_IMPLICIT_RETAIN_SELF = YES;
				CLANG_WARN_OBJC_LITERAL_CONVERSION = YES;
				CLANG_WARN_OBJC_ROOT_CLASS = YES_ERROR;
				CLANG_WARN_QUOTED_INCLUDE_IN_FRAMEWORK_HEADER = YES;
				CLANG_WARN_RANGE_LOOP_ANALYSIS = YES;
				CLANG_WARN_STRICT_PROTOTYPES = YES;
				CLANG_WARN_SUSPICIOUS_MOVE = YES;
				CLANG_WARN_UNGUARDED_AVAILABILITY = YES_AGGRESSIVE;
				CLANG_WARN_UNREACHABLE_CODE = YES;
				CLANG_WARN__DUPLICATE_METHOD_MATCH = YES;
				COPY_PHASE_STRIP = NO;
				DEBUG_INFORMATION_FORMAT = "dwarf-with-dsym";
				ENABLE_NS_ASSERTIONS = NO;
				ENABLE_STRICT_OBJC_MSGSEND = YES;
				GCC_C_LANGUAGE_STANDARD = gnu11;
				GCC_NO_COMMON_BLOCKS = YES;
				GCC_WARN_64_TO_32_BIT_CONVERSION = YES;
				GCC_WARN_ABOUT_RETURN_TYPE = YES_ERROR;
				GCC_WARN_UNDECLARED_SELECTOR = YES;
				GCC_WARN_UNINITIALIZED_AUTOS = YES_AGGRESSIVE;
				GCC_WARN_UNUSED_FUNCTION = YES;
				GCC_WARN_UNUSED_VARIABLE = YES;
				IPHONEOS_DEPLOYMENT_TARGET = 14.2;
				MTL_ENABLE_DEBUG_INFO = NO;
				MTL_FAST_MATH = YES;
				SDKROOT = iphoneos;
				SWIFT_COMPILATION_MODE = wholemodule;
				SWIFT_OPTIMIZATION_LEVEL = "-O";
				VALIDATE_PRODUCT = YES;
			};
			name = Release;
		};
		D0A5AFC326347D6500DEA99F /* Debug */ = {
			isa = XCBuildConfiguration;
			buildSettings = {
				ASSETCATALOG_COMPILER_APPICON_NAME = AppIcon;
				ASSETCATALOG_COMPILER_GLOBAL_ACCENT_COLOR_NAME = AccentColor;
				CODE_SIGN_STYLE = Automatic;
				DEVELOPMENT_TEAM = PNR29ZCK6M;
				INFOPLIST_FILE = rekrut/Info.plist;
				LD_RUNPATH_SEARCH_PATHS = (
					"$(inherited)",
					"@executable_path/Frameworks",
				);
				PRODUCT_BUNDLE_IDENTIFIER = miko.rekrut;
				PRODUCT_NAME = "$(TARGET_NAME)";
				SWIFT_VERSION = 5.0;
				TARGETED_DEVICE_FAMILY = "1,2";
			};
			name = Debug;
		};
		D0A5AFC426347D6500DEA99F /* Release */ = {
			isa = XCBuildConfiguration;
			buildSettings = {
				ASSETCATALOG_COMPILER_APPICON_NAME = AppIcon;
				ASSETCATALOG_COMPILER_GLOBAL_ACCENT_COLOR_NAME = AccentColor;
				CODE_SIGN_STYLE = Automatic;
				DEVELOPMENT_TEAM = PNR29ZCK6M;
				INFOPLIST_FILE = rekrut/Info.plist;
				LD_RUNPATH_SEARCH_PATHS = (
					"$(inherited)",
					"@executable_path/Frameworks",
				);
				PRODUCT_BUNDLE_IDENTIFIER = miko.rekrut;
				PRODUCT_NAME = "$(TARGET_NAME)";
				SWIFT_VERSION = 5.0;
				TARGETED_DEVICE_FAMILY = "1,2";
			};
			name = Release;
		};
/* End XCBuildConfiguration section */

/* Begin XCConfigurationList section */
		D0A5AFA926347D6100DEA99F /* Build configuration list for PBXProject "rekrut" */ = {
			isa = XCConfigurationList;
			buildConfigurations = (
				D0A5AFC026347D6500DEA99F /* Debug */,
				D0A5AFC126347D6500DEA99F /* Release */,
			);
			defaultConfigurationIsVisible = 0;
			defaultConfigurationName = Release;
		};
		D0A5AFC226347D6500DEA99F /* Build configuration list for PBXNativeTarget "rekrut" */ = {
			isa = XCConfigurationList;
			buildConfigurations = (
				D0A5AFC326347D6500DEA99F /* Debug */,
				D0A5AFC426347D6500DEA99F /* Release */,
			);
			defaultConfigurationIsVisible = 0;
			defaultConfigurationName = Release;
		};
/* End XCConfigurationList section */
	};
	rootObject = D0A5AFA626347D6100DEA99F /* Project object */;
}
